
Microsoft Visual Studio Solution File, Format Version 12.00
# Visual Studio 15
VisualStudioVersion = 15.0.28307.1000
MinimumVisualStudioVersion = 10.0.40219.1
Project("{8BC9CEB8-8B4A-11D0-8D11-00A0C91BC942}") = "CubeFastRendering", "CubeFastRendering.vcxproj", "{F5BF363F-1092-471D-BD71-CD6BA48D64DF}"
EndProject
Global
	GlobalSection(SolutionConfigurationPlatforms) = preSolution
		Debug|x64 = Debug|x64
		Release|x64 = Release|x64
	EndGlobalSection
	GlobalSection(ProjectConfigurationPlatforms) = postSolution
		{F5BF363F-1092-471D-BD71-CD6BA48D64DF}.Debug|x64.ActiveCfg = Debug|x64
		{F5BF363F-1092-471D-BD71-CD6BA48D64DF}.Debug|x64.Build.0 = Debug|x64
		{F5BF363F-1092-471D-BD71-CD6BA48D64DF}.Release|x64.ActiveCfg = Release|x64
		{F5BF363F-1092-471D-BD71-CD6BA48D64DF}.Release|x64.Build.0 = Release|x64
	EndGlobalSection
	GlobalSection(SolutionProperties) = preSolution
		HideSolutionNode = FALSE
	EndGlobalSection
	GlobalSection(ExtensibilityGlobals) = postSolution
		SolutionGuid = {00D68791-5907-4CE8-B79B-9402D8DD3C8E}
	EndGlobalSection
EndGlobal
